
Microsoft Visual Studio Solution File, Format Version 12.00
# Visual Studio Version 16
VisualStudioVersion = 16.0.29102.190
MinimumVisualStudioVersion = 10.0.40219.1
Project("{FAE04EC0-301F-11D3-BF4B-00C04F79EFBC}") = "WpfApp1", "WpfApp1\WpfApp1.csproj", "{68BCD5D1-48E7-491E-8D91-055ACFCE8882}"
EndProject
Global
	GlobalSection(SolutionConfigurationPlatforms) = preSolution
		Debug|Any CPU = Debug|Any CPU
		Release|Any CPU = Release|Any CPU
	EndGlobalSection
	GlobalSection(ProjectConfigurationPlatforms) = postSolution
		{68BCD5D1-48E7-491E-8D91-055ACFCE8882}.Debug|Any CPU.ActiveCfg = Debug|Any CPU
		{68BCD5D1-48E7-491E-8D91-055ACFCE8882}.Debug|Any CPU.Build.0 = Debug|Any CPU
		{68BCD5D1-48E7-491E-8D91-055ACFCE8882}.Release|Any CPU.ActiveCfg = Release|Any CPU
		{68BCD5D1-48E7-491E-8D91-055ACFCE8882}.Release|Any CPU.Build.0 = Release|Any CPU
	EndGlobalSection
	GlobalSection(SolutionProperties) = preSolution
		HideSolutionNode = FALSE
	EndGlobalSection
	GlobalSection(ExtensibilityGlobals) = postSolution
		SolutionGuid = {525F9571-D248-4CDD-AFA0-FC17080001F8}
	EndGlobalSection
EndGlobal
